
Microsoft Visual Studio Solution File, Format Version 12.00
# Visual Studio Version 16
VisualStudioVersion = 16.0.28315.86
MinimumVisualStudioVersion = 10.0.40219.1
Project("{2150E333-8FDC-42A3-9474-1A3956D46DE8}") = "3rd Party", "3rd Party", "{5A1E6234-E717-4984-97BB-E27DA25704C7}"
	ProjectSection(SolutionItems) = preProject
		3rd Party\SearchTextBox.dll = 3rd Party\SearchTextBox.dll
	EndProjectSection
EndProject
Project("{FAE04EC0-301F-11D3-BF4B-00C04F79EFBC}") = "VSDocumentReopen", "VSDocumentReopen\VSDocumentReopen.csproj", "{AFDB6848-0AE2-4BA6-A1A4-3DDE43A009B8}"
EndProject
Project("{FAE04EC0-301F-11D3-BF4B-00C04F79EFBC}") = "VSDocumentReopen.Test", "VSDocumentReopen.Test\VSDocumentReopen.Test.csproj", "{A828CF9B-34DF-497F-85AC-A3D3E3F18B78}"
EndProject
Global
	GlobalSection(SolutionConfigurationPlatforms) = preSolution
		Debug|Any CPU = Debug|Any CPU
		Release|Any CPU = Release|Any CPU
	EndGlobalSection
	GlobalSection(ProjectConfigurationPlatforms) = postSolution
		{AFDB6848-0AE2-4BA6-A1A4-3DDE43A009B8}.Debug|Any CPU.ActiveCfg = Debug|Any CPU
		{AFDB6848-0AE2-4BA6-A1A4-3DDE43A009B8}.Debug|Any CPU.Build.0 = Debug|Any CPU
		{AFDB6848-0AE2-4BA6-A1A4-3DDE43A009B8}.Release|Any CPU.ActiveCfg = Release|Any CPU
		{AFDB6848-0AE2-4BA6-A1A4-3DDE43A009B8}.Release|Any CPU.Build.0 = Release|Any CPU
		{A828CF9B-34DF-497F-85AC-A3D3E3F18B78}.Debug|Any CPU.ActiveCfg = Debug|Any CPU
		{A828CF9B-34DF-497F-85AC-A3D3E3F18B78}.Debug|Any CPU.Build.0 = Debug|Any CPU
		{A828CF9B-34DF-497F-85AC-A3D3E3F18B78}.Release|Any CPU.ActiveCfg = Release|Any CPU
		{A828CF9B-34DF-497F-85AC-A3D3E3F18B78}.Release|Any CPU.Build.0 = Release|Any CPU
	EndGlobalSection
	GlobalSection(SolutionProperties) = preSolution
		HideSolutionNode = FALSE
	EndGlobalSection
	GlobalSection(ExtensibilityGlobals) = postSolution
		SolutionGuid = {FF506DBB-7DAC-49FB-A4D0-C5AA6B791671}
	EndGlobalSection
EndGlobal
