
Microsoft Visual Studio Solution File, Format Version 12.00
# Visual Studio 15
VisualStudioVersion = 15.0.27703.2035
MinimumVisualStudioVersion = 10.0.40219.1
Project("{FAE04EC0-301F-11D3-BF4B-00C04F79EFBC}") = "VSDocumentReopen", "VSDocumentReopen\VSDocumentReopen.csproj", "{AFDB6848-0AE2-4BA6-A1A4-3DDE43A009B8}"
EndProject
Global
	GlobalSection(SolutionConfigurationPlatforms) = preSolution
		Debug|Any CPU = Debug|Any CPU
		Release|Any CPU = Release|Any CPU
	EndGlobalSection
	GlobalSection(ProjectConfigurationPlatforms) = postSolution
		{AFDB6848-0AE2-4BA6-A1A4-3DDE43A009B8}.Debug|Any CPU.ActiveCfg = Debug|Any CPU
		{AFDB6848-0AE2-4BA6-A1A4-3DDE43A009B8}.Debug|Any CPU.Build.0 = Debug|Any CPU
		{AFDB6848-0AE2-4BA6-A1A4-3DDE43A009B8}.Release|Any CPU.ActiveCfg = Release|Any CPU
		{AFDB6848-0AE2-4BA6-A1A4-3DDE43A009B8}.Release|Any CPU.Build.0 = Release|Any CPU
	EndGlobalSection
	GlobalSection(SolutionProperties) = preSolution
		HideSolutionNode = FALSE
	EndGlobalSection
	GlobalSection(ExtensibilityGlobals) = postSolution
		SolutionGuid = {FF506DBB-7DAC-49FB-A4D0-C5AA6B791671}
	EndGlobalSection
EndGlobal
